
Microsoft Visual Studio Solution File, Format Version 12.00
# Visual Studio Version 16
VisualStudioVersion = 16.0.30621.155
MinimumVisualStudioVersion = 10.0.40219.1
Project("{8BC9CEB8-8B4A-11D0-8D11-00A0C91BC942}") = "OpenGLLearning", "OpenGLLearning\OpenGLLearning.vcxproj", "{01FF2CC1-A047-4DAF-BC79-7E8AA5677520}"
EndProject
Global
	GlobalSection(SolutionConfigurationPlatforms) = preSolution
		Debug|x64 = Debug|x64
		Debug|x86 = Debug|x86
		Release|x64 = Release|x64
		Release|x86 = Release|x86
	EndGlobalSection
	GlobalSection(ProjectConfigurationPlatforms) = postSolution
		{01FF2CC1-A047-4DAF-BC79-7E8AA5677520}.Debug|x64.ActiveCfg = Debug|x64
		{01FF2CC1-A047-4DAF-BC79-7E8AA5677520}.Debug|x64.Build.0 = Debug|x64
		{01FF2CC1-A047-4DAF-BC79-7E8AA5677520}.Debug|x86.ActiveCfg = Debug|Win32
		{01FF2CC1-A047-4DAF-BC79-7E8AA5677520}.Debug|x86.Build.0 = Debug|Win32
		{01FF2CC1-A047-4DAF-BC79-7E8AA5677520}.Release|x64.ActiveCfg = Release|x64
		{01FF2CC1-A047-4DAF-BC79-7E8AA5677520}.Release|x64.Build.0 = Release|x64
		{01FF2CC1-A047-4DAF-BC79-7E8AA5677520}.Release|x86.ActiveCfg = Release|Win32
		{01FF2CC1-A047-4DAF-BC79-7E8AA5677520}.Release|x86.Build.0 = Release|Win32
	EndGlobalSection
	GlobalSection(SolutionProperties) = preSolution
		HideSolutionNode = FALSE
	EndGlobalSection
	GlobalSection(ExtensibilityGlobals) = postSolution
		SolutionGuid = {F75EA296-8FCA-42FA-975C-CC9B3ABEF88E}
	EndGlobalSection
EndGlobal
